
Microsoft Visual Studio Solution File, Format Version 12.00
# Visual Studio Version 17
VisualStudioVersion = 17.5.33627.172
MinimumVisualStudioVersion = 10.0.40219.1
Project("{FAE04EC0-301F-11D3-BF4B-00C04F79EFBC}") = "Wholesale", "Wholesale.csproj", "{62CFAEC4-E9E9-49F6-9EC8-60B5765C199F}"
EndProject
Global
	GlobalSection(SolutionConfigurationPlatforms) = preSolution
		Debug|Any CPU = Debug|Any CPU
		Release|Any CPU = Release|Any CPU
	EndGlobalSection
	GlobalSection(ProjectConfigurationPlatforms) = postSolution
		{62CFAEC4-E9E9-49F6-9EC8-60B5765C199F}.Debug|Any CPU.ActiveCfg = Debug|Any CPU
		{62CFAEC4-E9E9-49F6-9EC8-60B5765C199F}.Debug|Any CPU.Build.0 = Debug|Any CPU
		{62CFAEC4-E9E9-49F6-9EC8-60B5765C199F}.Release|Any CPU.ActiveCfg = Release|Any CPU
		{62CFAEC4-E9E9-49F6-9EC8-60B5765C199F}.Release|Any CPU.Build.0 = Release|Any CPU
	EndGlobalSection
	GlobalSection(SolutionProperties) = preSolution
		HideSolutionNode = FALSE
	EndGlobalSection
	GlobalSection(ExtensibilityGlobals) = postSolution
		SolutionGuid = {9FE6A97E-D583-49FA-B392-54E43053761F}
	EndGlobalSection
EndGlobal
